
Microsoft Visual Studio Solution File, Format Version 12.00
# Visual Studio Version 17
VisualStudioVersion = 17.9.34714.143
MinimumVisualStudioVersion = 10.0.40219.1
Project("{FAE04EC0-301F-11D3-BF4B-00C04F79EFBC}") = "EsemkaVote", "EsemkaVote.csproj", "{4C788E45-E893-405B-BDB2-513EEA780A60}"
EndProject
Global
	GlobalSection(SolutionConfigurationPlatforms) = preSolution
		Debug|Any CPU = Debug|Any CPU
		Release|Any CPU = Release|Any CPU
	EndGlobalSection
	GlobalSection(ProjectConfigurationPlatforms) = postSolution
		{4C788E45-E893-405B-BDB2-513EEA780A60}.Debug|Any CPU.ActiveCfg = Debug|Any CPU
		{4C788E45-E893-405B-BDB2-513EEA780A60}.Debug|Any CPU.Build.0 = Debug|Any CPU
		{4C788E45-E893-405B-BDB2-513EEA780A60}.Release|Any CPU.ActiveCfg = Release|Any CPU
		{4C788E45-E893-405B-BDB2-513EEA780A60}.Release|Any CPU.Build.0 = Release|Any CPU
	EndGlobalSection
	GlobalSection(SolutionProperties) = preSolution
		HideSolutionNode = FALSE
	EndGlobalSection
	GlobalSection(ExtensibilityGlobals) = postSolution
		SolutionGuid = {7AEB210B-02E4-41A2-9FD9-8F254FE83573}
	EndGlobalSection
EndGlobal
